
Microsoft Visual Studio Solution File, Format Version 12.00
# Visual Studio Version 16
VisualStudioVersion = 16.0.32802.440
MinimumVisualStudioVersion = 10.0.40219.1
Project("{9A19103F-16F7-4668-BE54-9A1E7A4F7556}") = "Agenda_Iliana", "Agenda_Iliana\Agenda_Iliana.csproj", "{9971ABAB-514D-4C18-AF27-1AB236835979}"
EndProject
Global
	GlobalSection(SolutionConfigurationPlatforms) = preSolution
		Debug|Any CPU = Debug|Any CPU
		Release|Any CPU = Release|Any CPU
	EndGlobalSection
	GlobalSection(ProjectConfigurationPlatforms) = postSolution
		{9971ABAB-514D-4C18-AF27-1AB236835979}.Debug|Any CPU.ActiveCfg = Debug|Any CPU
		{9971ABAB-514D-4C18-AF27-1AB236835979}.Debug|Any CPU.Build.0 = Debug|Any CPU
		{9971ABAB-514D-4C18-AF27-1AB236835979}.Release|Any CPU.ActiveCfg = Release|Any CPU
		{9971ABAB-514D-4C18-AF27-1AB236835979}.Release|Any CPU.Build.0 = Release|Any CPU
	EndGlobalSection
	GlobalSection(SolutionProperties) = preSolution
		HideSolutionNode = FALSE
	EndGlobalSection
	GlobalSection(ExtensibilityGlobals) = postSolution
		SolutionGuid = {51794240-4ED9-4910-8F93-3D634B111CF0}
	EndGlobalSection
EndGlobal
